
Microsoft Visual Studio Solution File, Format Version 12.00
# Visual Studio Version 17
VisualStudioVersion = 17.7.34221.43
MinimumVisualStudioVersion = 10.0.40219.1
Project("{FAE04EC0-301F-11D3-BF4B-00C04F79EFBC}") = "Assignment 6.1", "Assignment 6.1\Assignment 6.1.csproj", "{0D2AC36F-3CEB-465D-89A9-24D769A1AAEC}"
EndProject
Global
	GlobalSection(SolutionConfigurationPlatforms) = preSolution
		Debug|Any CPU = Debug|Any CPU
		Release|Any CPU = Release|Any CPU
	EndGlobalSection
	GlobalSection(ProjectConfigurationPlatforms) = postSolution
		{0D2AC36F-3CEB-465D-89A9-24D769A1AAEC}.Debug|Any CPU.ActiveCfg = Debug|Any CPU
		{0D2AC36F-3CEB-465D-89A9-24D769A1AAEC}.Debug|Any CPU.Build.0 = Debug|Any CPU
		{0D2AC36F-3CEB-465D-89A9-24D769A1AAEC}.Release|Any CPU.ActiveCfg = Release|Any CPU
		{0D2AC36F-3CEB-465D-89A9-24D769A1AAEC}.Release|Any CPU.Build.0 = Release|Any CPU
	EndGlobalSection
	GlobalSection(SolutionProperties) = preSolution
		HideSolutionNode = FALSE
	EndGlobalSection
	GlobalSection(ExtensibilityGlobals) = postSolution
		SolutionGuid = {CF76AC48-FCE5-4477-B643-7C40F0AB1EFB}
	EndGlobalSection
EndGlobal
